
Microsoft Visual Studio Solution File, Format Version 12.00
# Visual Studio Version 16
VisualStudioVersion = 16.0.30621.155
MinimumVisualStudioVersion = 10.0.40219.1
Project("{FAE04EC0-301F-11D3-BF4B-00C04F79EFBC}") = "D365Plugin.autoCountStudentsNumber", "D365Plugin.autoCountStudentsNumber.csproj", "{88C8F15C-DEC8-42BD-B422-74A6188880BE}"
EndProject
Global
	GlobalSection(SolutionConfigurationPlatforms) = preSolution
		Debug|Any CPU = Debug|Any CPU
		Release|Any CPU = Release|Any CPU
	EndGlobalSection
	GlobalSection(ProjectConfigurationPlatforms) = postSolution
		{88C8F15C-DEC8-42BD-B422-74A6188880BE}.Debug|Any CPU.ActiveCfg = Debug|Any CPU
		{88C8F15C-DEC8-42BD-B422-74A6188880BE}.Debug|Any CPU.Build.0 = Debug|Any CPU
		{88C8F15C-DEC8-42BD-B422-74A6188880BE}.Release|Any CPU.ActiveCfg = Release|Any CPU
		{88C8F15C-DEC8-42BD-B422-74A6188880BE}.Release|Any CPU.Build.0 = Release|Any CPU
	EndGlobalSection
	GlobalSection(SolutionProperties) = preSolution
		HideSolutionNode = FALSE
	EndGlobalSection
	GlobalSection(ExtensibilityGlobals) = postSolution
		SolutionGuid = {AC23C7D6-9EB7-48A3-BCAE-A6606E8FBD22}
	EndGlobalSection
EndGlobal
